
Microsoft Visual Studio Solution File, Format Version 12.00
# Visual Studio Version 17
VisualStudioVersion = 17.13.35931.197 d17.13
MinimumVisualStudioVersion = 10.0.40219.1
Project("{FAE04EC0-301F-11D3-BF4B-00C04F79EFBC}") = "Topos", "Topos\Topos.csproj", "{43E539D3-C655-4F99-A5C0-74E33A6BDD32}"
EndProject
Global
	GlobalSection(SolutionConfigurationPlatforms) = preSolution
		Debug|Any CPU = Debug|Any CPU
		Release|Any CPU = Release|Any CPU
	EndGlobalSection
	GlobalSection(ProjectConfigurationPlatforms) = postSolution
		{43E539D3-C655-4F99-A5C0-74E33A6BDD32}.Debug|Any CPU.ActiveCfg = Debug|Any CPU
		{43E539D3-C655-4F99-A5C0-74E33A6BDD32}.Debug|Any CPU.Build.0 = Debug|Any CPU
		{43E539D3-C655-4F99-A5C0-74E33A6BDD32}.Release|Any CPU.ActiveCfg = Release|Any CPU
		{43E539D3-C655-4F99-A5C0-74E33A6BDD32}.Release|Any CPU.Build.0 = Release|Any CPU
	EndGlobalSection
	GlobalSection(SolutionProperties) = preSolution
		HideSolutionNode = FALSE
	EndGlobalSection
	GlobalSection(ExtensibilityGlobals) = postSolution
		SolutionGuid = {8D2702A4-E596-41E0-A253-DD1FC06AAD68}
	EndGlobalSection
EndGlobal
